// !$*UTF8*$!
{
	archiveVersion = 1;
	classes = {
	};
	objectVersion = 77;
	objects = {

/* Begin PBXBuildFile section */
		374E83632F61883000AC1698 /* StoreKit.framework in Frameworks */ = {isa = PBXBuildFile; fileRef = 374E83622F61883000AC1698 /* StoreKit.framework */; };
		378A85E02F632A5B00070F54 /* StoreConfig.storekit in Resources */ = {isa = PBXBuildFile; fileRef = 378A85DF2F632A5B00070F54 /* StoreConfig.storekit */; };
		378A85E12F632A5B00070F54 /* StoreConfig.storekit in Resources */ = {isa = PBXBuildFile; fileRef = 378A85DF2F632A5B00070F54 /* StoreConfig.storekit */; };
		37A0C62A2EE1B02F003E10E6 /* WidgetKit.framework in Frameworks */ = {isa = PBXBuildFile; fileRef = 37A0C6292EE1B02F003E10E6 /* WidgetKit.framework */; };
		37A0C62C2EE1B02F003E10E6 /* SwiftUI.framework in Frameworks */ = {isa = PBXBuildFile; fileRef = 37A0C62B2EE1B02F003E10E6 /* SwiftUI.framework */; };
		37A0C63D2EE1B030003E10E6 /* FunCalendarWidgetExtension.appex in Embed Foundation Extensions */ = {isa = PBXBuildFile; fileRef = 37A0C6272EE1B02F003E10E6 /* FunCalendarWidgetExtension.appex */; settings = {ATTRIBUTES = (RemoveHeadersOnCopy, ); }; };
		37D42CAC2F3CD497002DD3A0 /* CircleRenderer.swift in Sources */ = {isa = PBXBuildFile; fileRef = 37D42CAB2F3CD497002DD3A0 /* CircleRenderer.swift */; };
		37D42CAD2F3CD497002DD3A0 /* CircleRenderer.swift in Sources */ = {isa = PBXBuildFile; fileRef = 37D42CAB2F3CD497002DD3A0 /* CircleRenderer.swift */; };
		37D42CAF2F3D4472002DD3A0 /* MiniCalendarGridView.swift in Sources */ = {isa = PBXBuildFile; fileRef = 37D42CAE2F3D4472002DD3A0 /* MiniCalendarGridView.swift */; };
		37D42CB02F3D4472002DD3A0 /* MiniCalendarGridView.swift in Sources */ = {isa = PBXBuildFile; fileRef = 37D42CAE2F3D4472002DD3A0 /* MiniCalendarGridView.swift */; };
/* End PBXBuildFile section */

/* Begin PBXContainerItemProxy section */
		37A0C63B2EE1B030003E10E6 /* PBXContainerItemProxy */ = {
			isa = PBXContainerItemProxy;
			containerPortal = 37A0C60A2EE1AFE6003E10E6 /* Project object */;
			proxyType = 1;
			remoteGlobalIDString = 37A0C6262EE1B02F003E10E6;
			remoteInfo = FunCalendarWidgetExtension;
		};
/* End PBXContainerItemProxy section */

/* Begin PBXCopyFilesBuildPhase section */
		37A0C6422EE1B030003E10E6 /* Embed Foundation Extensions */ = {
			isa = PBXCopyFilesBuildPhase;
			buildActionMask = 2147483647;
			dstPath = "";
			dstSubfolderSpec = 13;
			files = (
				37A0C63D2EE1B030003E10E6 /* FunCalendarWidgetExtension.appex in Embed Foundation Extensions */,
			);
			name = "Embed Foundation Extensions";
			runOnlyForDeploymentPostprocessing = 0;
		};
/* End PBXCopyFilesBuildPhase section */

/* Begin PBXFileReference section */
		3717153F2EE8921000996181 /* FunCalendarWidgetExtension.entitlements */ = {isa = PBXFileReference; lastKnownFileType = text.plist.entitlements; path = FunCalendarWidgetExtension.entitlements; sourceTree = "<group>"; };
		374E83622F61883000AC1698 /* StoreKit.framework */ = {isa = PBXFileReference; lastKnownFileType = wrapper.framework; name = StoreKit.framework; path = System/Library/Frameworks/StoreKit.framework; sourceTree = SDKROOT; };
		378A85DF2F632A5B00070F54 /* StoreConfig.storekit */ = {isa = PBXFileReference; lastKnownFileType = text; path = StoreConfig.storekit; sourceTree = "<group>"; };
		37A0C6122EE1AFE6003E10E6 /* FunCalendar.app */ = {isa = PBXFileReference; explicitFileType = wrapper.application; includeInIndex = 0; path = FunCalendar.app; sourceTree = BUILT_PRODUCTS_DIR; };
		37A0C6272EE1B02F003E10E6 /* FunCalendarWidgetExtension.appex */ = {isa = PBXFileReference; explicitFileType = "wrapper.app-extension"; includeInIndex = 0; path = FunCalendarWidgetExtension.appex; sourceTree = BUILT_PRODUCTS_DIR; };
		37A0C6292EE1B02F003E10E6 /* WidgetKit.framework */ = {isa = PBXFileReference; lastKnownFileType = wrapper.framework; name = WidgetKit.framework; path = System/Library/Frameworks/WidgetKit.framework; sourceTree = SDKROOT; };
		37A0C62B2EE1B02F003E10E6 /* SwiftUI.framework */ = {isa = PBXFileReference; lastKnownFileType = wrapper.framework; name = SwiftUI.framework; path = System/Library/Frameworks/SwiftUI.framework; sourceTree = SDKROOT; };
		37D42CAB2F3CD497002DD3A0 /* CircleRenderer.swift */ = {isa = PBXFileReference; lastKnownFileType = sourcecode.swift; path = CircleRenderer.swift; sourceTree = "<group>"; };
		37D42CAE2F3D4472002DD3A0 /* MiniCalendarGridView.swift */ = {isa = PBXFileReference; lastKnownFileType = sourcecode.swift; path = MiniCalendarGridView.swift; sourceTree = "<group>"; };
/* End PBXFileReference section */

/* Begin PBXFileSystemSynchronizedBuildFileExceptionSet section */
		37A0C63E2EE1B030003E10E6 /* Exceptions for "FunCalendarWidget" folder in "FunCalendarWidgetExtension" target */ = {
			isa = PBXFileSystemSynchronizedBuildFileExceptionSet;
			membershipExceptions = (
				Info.plist,
			);
			target = 37A0C6262EE1B02F003E10E6 /* FunCalendarWidgetExtension */;
		};
		37D42C8F2F39FDB3002DD3A0 /* Exceptions for "FunCalendarWidget" folder in "FunCalendar" target */ = {
			isa = PBXFileSystemSynchronizedBuildFileExceptionSet;
			membershipExceptions = (
				AboutView.swift,
				AppMainView.swift,
			);
			target = 37A0C6112EE1AFE6003E10E6 /* FunCalendar */;
		};
/* End PBXFileSystemSynchronizedBuildFileExceptionSet section */

/* Begin PBXFileSystemSynchronizedRootGroup section */
		37A0C6142EE1AFE6003E10E6 /* FunCalendar */ = {
			isa = PBXFileSystemSynchronizedRootGroup;
			path = FunCalendar;
			sourceTree = "<group>";
		};
		37A0C62D2EE1B02F003E10E6 /* FunCalendarWidget */ = {
			isa = PBXFileSystemSynchronizedRootGroup;
			exceptions = (
				37D42C8F2F39FDB3002DD3A0 /* Exceptions for "FunCalendarWidget" folder in "FunCalendar" target */,
				37A0C63E2EE1B030003E10E6 /* Exceptions for "FunCalendarWidget" folder in "FunCalendarWidgetExtension" target */,
			);
			path = FunCalendarWidget;
			sourceTree = "<group>";
		};
/* End PBXFileSystemSynchronizedRootGroup section */

/* Begin PBXFrameworksBuildPhase section */
		37A0C60F2EE1AFE6003E10E6 /* Frameworks */ = {
			isa = PBXFrameworksBuildPhase;
			buildActionMask = 2147483647;
			files = (
				374E83632F61883000AC1698 /* StoreKit.framework in Frameworks */,
			);
			runOnlyForDeploymentPostprocessing = 0;
		};
		37A0C6242EE1B02F003E10E6 /* Frameworks */ = {
			isa = PBXFrameworksBuildPhase;
			buildActionMask = 2147483647;
			files = (
				37A0C62C2EE1B02F003E10E6 /* SwiftUI.framework in Frameworks */,
				37A0C62A2EE1B02F003E10E6 /* WidgetKit.framework in Frameworks */,
			);
			runOnlyForDeploymentPostprocessing = 0;
		};
/* End PBXFrameworksBuildPhase section */

/* Begin PBXGroup section */
		37A0C6092EE1AFE6003E10E6 = {
			isa = PBXGroup;
			children = (
				378A85DF2F632A5B00070F54 /* StoreConfig.storekit */,
				37D42CAB2F3CD497002DD3A0 /* CircleRenderer.swift */,
				37D42CAE2F3D4472002DD3A0 /* MiniCalendarGridView.swift */,
				3717153F2EE8921000996181 /* FunCalendarWidgetExtension.entitlements */,
				37A0C6142EE1AFE6003E10E6 /* FunCalendar */,
				37A0C62D2EE1B02F003E10E6 /* FunCalendarWidget */,
				37A0C6282EE1B02F003E10E6 /* Frameworks */,
				37A0C6132EE1AFE6003E10E6 /* Products */,
			);
			sourceTree = "<group>";
		};
		37A0C6132EE1AFE6003E10E6 /* Products */ = {
			isa = PBXGroup;
			children = (
				37A0C6122EE1AFE6003E10E6 /* FunCalendar.app */,
				37A0C6272EE1B02F003E10E6 /* FunCalendarWidgetExtension.appex */,
			);
			name = Products;
			sourceTree = "<group>";
		};
		37A0C6282EE1B02F003E10E6 /* Frameworks */ = {
			isa = PBXGroup;
			children = (
				374E83622F61883000AC1698 /* StoreKit.framework */,
				37A0C6292EE1B02F003E10E6 /* WidgetKit.framework */,
				37A0C62B2EE1B02F003E10E6 /* SwiftUI.framework */,
			);
			name = Frameworks;
			sourceTree = "<group>";
		};
/* End PBXGroup section */

/* Begin PBXNativeTarget section */
		37A0C6112EE1AFE6003E10E6 /* FunCalendar */ = {
			isa = PBXNativeTarget;
			buildConfigurationList = 37A0C6202EE1AFE7003E10E6 /* Build configuration list for PBXNativeTarget "FunCalendar" */;
			buildPhases = (
				37A0C60E2EE1AFE6003E10E6 /* Sources */,
				37A0C60F2EE1AFE6003E10E6 /* Frameworks */,
				37A0C6102EE1AFE6003E10E6 /* Resources */,
				37A0C6422EE1B030003E10E6 /* Embed Foundation Extensions */,
			);
			buildRules = (
			);
			dependencies = (
				37A0C63C2EE1B030003E10E6 /* PBXTargetDependency */,
			);
			fileSystemSynchronizedGroups = (
				37A0C6142EE1AFE6003E10E6 /* FunCalendar */,
			);
			name = FunCalendar;
			packageProductDependencies = (
			);
			productName = FunCalendar;
			productReference = 37A0C6122EE1AFE6003E10E6 /* FunCalendar.app */;
			productType = "com.apple.product-type.application";
		};
		37A0C6262EE1B02F003E10E6 /* FunCalendarWidgetExtension */ = {
			isa = PBXNativeTarget;
			buildConfigurationList = 37A0C63F2EE1B030003E10E6 /* Build configuration list for PBXNativeTarget "FunCalendarWidgetExtension" */;
			buildPhases = (
				37A0C6232EE1B02F003E10E6 /* Sources */,
				37A0C6242EE1B02F003E10E6 /* Frameworks */,
				37A0C6252EE1B02F003E10E6 /* Resources */,
			);
			buildRules = (
			);
			dependencies = (
			);
			fileSystemSynchronizedGroups = (
				37A0C62D2EE1B02F003E10E6 /* FunCalendarWidget */,
			);
			name = FunCalendarWidgetExtension;
			packageProductDependencies = (
			);
			productName = FunCalendarWidgetExtension;
			productReference = 37A0C6272EE1B02F003E10E6 /* FunCalendarWidgetExtension.appex */;
			productType = "com.apple.product-type.app-extension";
		};
/* End PBXNativeTarget section */

/* Begin PBXProject section */
		37A0C60A2EE1AFE6003E10E6 /* Project object */ = {
			isa = PBXProject;
			attributes = {
				BuildIndependentTargetsInParallel = 1;
				LastSwiftUpdateCheck = 1620;
				LastUpgradeCheck = 1620;
				TargetAttributes = {
					37A0C6112EE1AFE6003E10E6 = {
						CreatedOnToolsVersion = 16.2;
					};
					37A0C6262EE1B02F003E10E6 = {
						CreatedOnToolsVersion = 16.2;
					};
				};
			};
			buildConfigurationList = 37A0C60D2EE1AFE6003E10E6 /* Build configuration list for PBXProject "FunCalendar" */;
			developmentRegion = en;
			hasScannedForEncodings = 0;
			knownRegions = (
				en,
				Base,
			);
			mainGroup = 37A0C6092EE1AFE6003E10E6;
			minimizedProjectReferenceProxies = 1;
			preferredProjectObjectVersion = 77;
			productRefGroup = 37A0C6132EE1AFE6003E10E6 /* Products */;
			projectDirPath = "";
			projectRoot = "";
			targets = (
				37A0C6112EE1AFE6003E10E6 /* FunCalendar */,
				37A0C6262EE1B02F003E10E6 /* FunCalendarWidgetExtension */,
			);
		};
/* End PBXProject section */

/* Begin PBXResourcesBuildPhase section */
		37A0C6102EE1AFE6003E10E6 /* Resources */ = {
			isa = PBXResourcesBuildPhase;
			buildActionMask = 2147483647;
			files = (
				378A85E02F632A5B00070F54 /* StoreConfig.storekit in Resources */,
			);
			runOnlyForDeploymentPostprocessing = 0;
		};
		37A0C6252EE1B02F003E10E6 /* Resources */ = {
			isa = PBXResourcesBuildPhase;
			buildActionMask = 2147483647;
			files = (
				378A85E12F632A5B00070F54 /* StoreConfig.storekit in Resources */,
			);
			runOnlyForDeploymentPostprocessing = 0;
		};
/* End PBXResourcesBuildPhase section */

/* Begin PBXSourcesBuildPhase section */
		37A0C60E2EE1AFE6003E10E6 /* Sources */ = {
			isa = PBXSourcesBuildPhase;
			buildActionMask = 2147483647;
			files = (
				37D42CAC2F3CD497002DD3A0 /* CircleRenderer.swift in Sources */,
				37D42CB02F3D4472002DD3A0 /* MiniCalendarGridView.swift in Sources */,
			);
			runOnlyForDeploymentPostprocessing = 0;
		};
		37A0C6232EE1B02F003E10E6 /* Sources */ = {
			isa = PBXSourcesBuildPhase;
			buildActionMask = 2147483647;
			files = (
				37D42CAD2F3CD497002DD3A0 /* CircleRenderer.swift in Sources */,
				37D42CAF2F3D4472002DD3A0 /* MiniCalendarGridView.swift in Sources */,
			);
			runOnlyForDeploymentPostprocessing = 0;
		};
/* End PBXSourcesBuildPhase section */

/* Begin PBXTargetDependency section */
		37A0C63C2EE1B030003E10E6 /* PBXTargetDependency */ = {
			isa = PBXTargetDependency;
			target = 37A0C6262EE1B02F003E10E6 /* FunCalendarWidgetExtension */;
			targetProxy = 37A0C63B2EE1B030003E10E6 /* PBXContainerItemProxy */;
		};
/* End PBXTargetDependency section */

/* Begin XCBuildConfiguration section */
		37A0C61E2EE1AFE7003E10E6 /* Debug */ = {
			isa = XCBuildConfiguration;
			buildSettings = {
				ALWAYS_SEARCH_USER_PATHS = NO;
				ASSETCATALOG_COMPILER_GENERATE_SWIFT_ASSET_SYMBOL_EXTENSIONS = YES;
				CLANG_ANALYZER_NONNULL = YES;
				CLANG_ANALYZER_NUMBER_OBJECT_CONVERSION = YES_AGGRESSIVE;
				CLANG_CXX_LANGUAGE_STANDARD = "gnu++20";
				CLANG_ENABLE_MODULES = YES;
				CLANG_ENABLE_OBJC_ARC = YES;
				CLANG_ENABLE_OBJC_WEAK = YES;
				CLANG_WARN_BLOCK_CAPTURE_AUTORELEASING = YES;
				CLANG_WARN_BOOL_CONVERSION = YES;
				CLANG_WARN_COMMA = YES;
				CLANG_WARN_CONSTANT_CONVERSION = YES;
				CLANG_WARN_DEPRECATED_OBJC_IMPLEMENTATIONS = YES;
				CLANG_WARN_DIRECT_OBJC_ISA_USAGE = YES_ERROR;
				CLANG_WARN_DOCUMENTATION_COMMENTS = YES;
				CLANG_WARN_EMPTY_BODY = YES;
				CLANG_WARN_ENUM_CONVERSION = YES;
				CLANG_WARN_INFINITE_RECURSION = YES;
				CLANG_WARN_INT_CONVERSION = YES;
				CLANG_WARN_NON_LITERAL_NULL_CONVERSION = YES;
				CLANG_WARN_OBJC_IMPLICIT_RETAIN_SELF = YES;
				CLANG_WARN_OBJC_LITERAL_CONVERSION = YES;
				CLANG_WARN_OBJC_ROOT_CLASS = YES_ERROR;
				CLANG_WARN_QUOTED_INCLUDE_IN_FRAMEWORK_HEADER = YES;
				CLANG_WARN_RANGE_LOOP_ANALYSIS = YES;
				CLANG_WARN_STRICT_PROTOTYPES = YES;
				CLANG_WARN_SUSPICIOUS_MOVE = YES;
				CLANG_WARN_UNGUARDED_AVAILABILITY = YES_AGGRESSIVE;
				CLANG_WARN_UNREACHABLE_CODE = YES;
				CLANG_WARN__DUPLICATE_METHOD_MATCH = YES;
				COPY_PHASE_STRIP = NO;
				DEBUG_INFORMATION_FORMAT = dwarf;
				ENABLE_STRICT_OBJC_MSGSEND = YES;
				ENABLE_TESTABILITY = YES;
				ENABLE_USER_SCRIPT_SANDBOXING = YES;
				GCC_C_LANGUAGE_STANDARD = gnu17;
				GCC_DYNAMIC_NO_PIC = NO;
				GCC_NO_COMMON_BLOCKS = YES;
				GCC_OPTIMIZATION_LEVEL = 0;
				GCC_PREPROCESSOR_DEFINITIONS = (
					"DEBUG=1",
					"$(inherited)",
				);
				GCC_WARN_64_TO_32_BIT_CONVERSION = YES;
				GCC_WARN_ABOUT_RETURN_TYPE = YES_ERROR;
				GCC_WARN_UNDECLARED_SELECTOR = YES;
				GCC_WARN_UNINITIALIZED_AUTOS = YES_AGGRESSIVE;
				GCC_WARN_UNUSED_FUNCTION = YES;
				GCC_WARN_UNUSED_VARIABLE = YES;
				IPHONEOS_DEPLOYMENT_TARGET = 18.2;
				LOCALIZATION_PREFERS_STRING_CATALOGS = YES;
				MTL_ENABLE_DEBUG_INFO = INCLUDE_SOURCE;
				MTL_FAST_MATH = YES;
				ONLY_ACTIVE_ARCH = YES;
				SDKROOT = iphoneos;
				SWIFT_ACTIVE_COMPILATION_CONDITIONS = "DEBUG $(inherited)";
				SWIFT_OPTIMIZATION_LEVEL = "-Onone";
			};
			name = Debug;
		};
		37A0C61F2EE1AFE7003E10E6 /* Release */ = {
			isa = XCBuildConfiguration;
			buildSettings = {
				ALWAYS_SEARCH_USER_PATHS = NO;
				ASSETCATALOG_COMPILER_GENERATE_SWIFT_ASSET_SYMBOL_EXTENSIONS = YES;
				CLANG_ANALYZER_NONNULL = YES;
				CLANG_ANALYZER_NUMBER_OBJECT_CONVERSION = YES_AGGRESSIVE;
				CLANG_CXX_LANGUAGE_STANDARD = "gnu++20";
				CLANG_ENABLE_MODULES = YES;
				CLANG_ENABLE_OBJC_ARC = YES;
				CLANG_ENABLE_OBJC_WEAK = YES;
				CLANG_WARN_BLOCK_CAPTURE_AUTORELEASING = YES;
				CLANG_WARN_BOOL_CONVERSION = YES;
				CLANG_WARN_COMMA = YES;
				CLANG_WARN_CONSTANT_CONVERSION = YES;
				CLANG_WARN_DEPRECATED_OBJC_IMPLEMENTATIONS = YES;
				CLANG_WARN_DIRECT_OBJC_ISA_USAGE = YES_ERROR;
				CLANG_WARN_DOCUMENTATION_COMMENTS = YES;
				CLANG_WARN_EMPTY_BODY = YES;
				CLANG_WARN_ENUM_CONVERSION = YES;
				CLANG_WARN_INFINITE_RECURSION = YES;
				CLANG_WARN_INT_CONVERSION = YES;
				CLANG_WARN_NON_LITERAL_NULL_CONVERSION = YES;
				CLANG_WARN_OBJC_IMPLICIT_RETAIN_SELF = YES;
				CLANG_WARN_OBJC_LITERAL_CONVERSION = YES;
				CLANG_WARN_OBJC_ROOT_CLASS = YES_ERROR;
				CLANG_WARN_QUOTED_INCLUDE_IN_FRAMEWORK_HEADER = YES;
				CLANG_WARN_RANGE_LOOP_ANALYSIS = YES;
				CLANG_WARN_STRICT_PROTOTYPES = YES;
				CLANG_WARN_SUSPICIOUS_MOVE = YES;
				CLANG_WARN_UNGUARDED_AVAILABILITY = YES_AGGRESSIVE;
				CLANG_WARN_UNREACHABLE_CODE = YES;
				CLANG_WARN__DUPLICATE_METHOD_MATCH = YES;
				COPY_PHASE_STRIP = NO;
				DEBUG_INFORMATION_FORMAT = "dwarf-with-dsym";
				ENABLE_NS_ASSERTIONS = NO;
				ENABLE_STRICT_OBJC_MSGSEND = YES;
				ENABLE_USER_SCRIPT_SANDBOXING = YES;
				GCC_C_LANGUAGE_STANDARD = gnu17;
				GCC_NO_COMMON_BLOCKS = YES;
				GCC_WARN_64_TO_32_BIT_CONVERSION = YES;
				GCC_WARN_ABOUT_RETURN_TYPE = YES_ERROR;
				GCC_WARN_UNDECLARED_SELECTOR = YES;
				GCC_WARN_UNINITIALIZED_AUTOS = YES_AGGRESSIVE;
				GCC_WARN_UNUSED_FUNCTION = YES;
				GCC_WARN_UNUSED_VARIABLE = YES;
				IPHONEOS_DEPLOYMENT_TARGET = 18.2;
				LOCALIZATION_PREFERS_STRING_CATALOGS = YES;
				MTL_ENABLE_DEBUG_INFO = NO;
				MTL_FAST_MATH = YES;
				SDKROOT = iphoneos;
				SWIFT_COMPILATION_MODE = wholemodule;
				VALIDATE_PRODUCT = YES;
			};
			name = Release;
		};
		37A0C6212EE1AFE7003E10E6 /* Debug */ = {
			isa = XCBuildConfiguration;
			buildSettings = {
				ASSETCATALOG_COMPILER_APPICON_NAME = AppIcon;
				ASSETCATALOG_COMPILER_GLOBAL_ACCENT_COLOR_NAME = AccentColor;
				CODE_SIGN_ENTITLEMENTS = FunCalendar/FunCalendar.entitlements;
				CODE_SIGN_STYLE = Automatic;
				CURRENT_PROJECT_VERSION = 2;
				DEVELOPMENT_ASSET_PATHS = "\"FunCalendar/Preview Content\"";
				DEVELOPMENT_TEAM = 226AMQMFG9;
				ENABLE_PREVIEWS = YES;
				GENERATE_INFOPLIST_FILE = YES;
				INFOPLIST_KEY_LSApplicationCategoryType = "public.app-category.utilities";
				INFOPLIST_KEY_UIApplicationSceneManifest_Generation = YES;
				INFOPLIST_KEY_UIApplicationSupportsIndirectInputEvents = YES;
				INFOPLIST_KEY_UILaunchScreen_Generation = YES;
				INFOPLIST_KEY_UISupportedInterfaceOrientations = UIInterfaceOrientationPortrait;
				INFOPLIST_KEY_UISupportedInterfaceOrientations_iPad = "UIInterfaceOrientationLandscapeLeft UIInterfaceOrientationLandscapeRight UIInterfaceOrientationPortrait UIInterfaceOrientationPortraitUpsideDown";
				LD_RUNPATH_SEARCH_PATHS = (
					"$(inherited)",
					"@executable_path/Frameworks",
				);
				MARKETING_VERSION = 1.1;
				PRODUCT_BUNDLE_IDENTIFIER = Nicolas.FunCalendar;
				PRODUCT_NAME = "$(TARGET_NAME)";
				SUPPORTED_PLATFORMS = "iphoneos iphonesimulator";
				SUPPORTS_MACCATALYST = NO;
				SUPPORTS_MAC_DESIGNED_FOR_IPHONE_IPAD = NO;
				SUPPORTS_XR_DESIGNED_FOR_IPHONE_IPAD = NO;
				SWIFT_EMIT_LOC_STRINGS = YES;
				SWIFT_VERSION = 5.0;
				TARGETED_DEVICE_FAMILY = 1;
			};
			name = Debug;
		};
		37A0C6222EE1AFE7003E10E6 /* Release */ = {
			isa = XCBuildConfiguration;
			buildSettings = {
				ASSETCATALOG_COMPILER_APPICON_NAME = AppIcon;
				ASSETCATALOG_COMPILER_GLOBAL_ACCENT_COLOR_NAME = AccentColor;
				CODE_SIGN_ENTITLEMENTS = FunCalendar/FunCalendar.entitlements;
				CODE_SIGN_STYLE = Automatic;
				CURRENT_PROJECT_VERSION = 2;
				DEVELOPMENT_ASSET_PATHS = "\"FunCalendar/Preview Content\"";
				DEVELOPMENT_TEAM = 226AMQMFG9;
				ENABLE_PREVIEWS = YES;
				GENERATE_INFOPLIST_FILE = YES;
				INFOPLIST_KEY_LSApplicationCategoryType = "public.app-category.utilities";
				INFOPLIST_KEY_UIApplicationSceneManifest_Generation = YES;
				INFOPLIST_KEY_UIApplicationSupportsIndirectInputEvents = YES;
				INFOPLIST_KEY_UILaunchScreen_Generation = YES;
				INFOPLIST_KEY_UISupportedInterfaceOrientations = UIInterfaceOrientationPortrait;
				INFOPLIST_KEY_UISupportedInterfaceOrientations_iPad = "UIInterfaceOrientationLandscapeLeft UIInterfaceOrientationLandscapeRight UIInterfaceOrientationPortrait UIInterfaceOrientationPortraitUpsideDown";
				LD_RUNPATH_SEARCH_PATHS = (
					"$(inherited)",
					"@executable_path/Frameworks",
				);
				MARKETING_VERSION = 1.1;
				PRODUCT_BUNDLE_IDENTIFIER = Nicolas.FunCalendar;
				PRODUCT_NAME = "$(TARGET_NAME)";
				SUPPORTED_PLATFORMS = "iphoneos iphonesimulator";
				SUPPORTS_MACCATALYST = NO;
				SUPPORTS_MAC_DESIGNED_FOR_IPHONE_IPAD = NO;
				SUPPORTS_XR_DESIGNED_FOR_IPHONE_IPAD = NO;
				SWIFT_EMIT_LOC_STRINGS = YES;
				SWIFT_VERSION = 5.0;
				TARGETED_DEVICE_FAMILY = 1;
			};
			name = Release;
		};
		37A0C6402EE1B030003E10E6 /* Debug */ = {
			isa = XCBuildConfiguration;
			buildSettings = {
				ASSETCATALOG_COMPILER_GLOBAL_ACCENT_COLOR_NAME = AccentColor;
				ASSETCATALOG_COMPILER_WIDGET_BACKGROUND_COLOR_NAME = WidgetBackground;
				CODE_SIGN_ENTITLEMENTS = FunCalendarWidgetExtension.entitlements;
				CODE_SIGN_STYLE = Automatic;
				CURRENT_PROJECT_VERSION = 1;
				DEVELOPMENT_TEAM = 226AMQMFG9;
				GENERATE_INFOPLIST_FILE = YES;
				INFOPLIST_FILE = FunCalendarWidget/Info.plist;
				INFOPLIST_KEY_CFBundleDisplayName = FunCalendarWidget;
				INFOPLIST_KEY_NSHumanReadableCopyright = "";
				LD_RUNPATH_SEARCH_PATHS = (
					"$(inherited)",
					"@executable_path/Frameworks",
					"@executable_path/../../Frameworks",
				);
				MARKETING_VERSION = 1.0;
				PRODUCT_BUNDLE_IDENTIFIER = Nicolas.FunCalendar.FunCalendarWidget;
				PRODUCT_NAME = "$(TARGET_NAME)";
				SKIP_INSTALL = YES;
				SUPPORTED_PLATFORMS = "iphoneos iphonesimulator";
				SUPPORTS_MACCATALYST = NO;
				SUPPORTS_MAC_DESIGNED_FOR_IPHONE_IPAD = NO;
				SUPPORTS_XR_DESIGNED_FOR_IPHONE_IPAD = NO;
				SWIFT_EMIT_LOC_STRINGS = YES;
				SWIFT_VERSION = 5.0;
				TARGETED_DEVICE_FAMILY = "1,2";
			};
			name = Debug;
		};
		37A0C6412EE1B030003E10E6 /* Release */ = {
			isa = XCBuildConfiguration;
			buildSettings = {
				ASSETCATALOG_COMPILER_GLOBAL_ACCENT_COLOR_NAME = AccentColor;
				ASSETCATALOG_COMPILER_WIDGET_BACKGROUND_COLOR_NAME = WidgetBackground;
				CODE_SIGN_ENTITLEMENTS = FunCalendarWidgetExtension.entitlements;
				CODE_SIGN_STYLE = Automatic;
				CURRENT_PROJECT_VERSION = 1;
				DEVELOPMENT_TEAM = 226AMQMFG9;
				GENERATE_INFOPLIST_FILE = YES;
				INFOPLIST_FILE = FunCalendarWidget/Info.plist;
				INFOPLIST_KEY_CFBundleDisplayName = FunCalendarWidget;
				INFOPLIST_KEY_NSHumanReadableCopyright = "";
				LD_RUNPATH_SEARCH_PATHS = (
					"$(inherited)",
					"@executable_path/Frameworks",
					"@executable_path/../../Frameworks",
				);
				MARKETING_VERSION = 1.0;
				PRODUCT_BUNDLE_IDENTIFIER = Nicolas.FunCalendar.FunCalendarWidget;
				PRODUCT_NAME = "$(TARGET_NAME)";
				SKIP_INSTALL = YES;
				SUPPORTED_PLATFORMS = "iphoneos iphonesimulator";
				SUPPORTS_MACCATALYST = NO;
				SUPPORTS_MAC_DESIGNED_FOR_IPHONE_IPAD = NO;
				SUPPORTS_XR_DESIGNED_FOR_IPHONE_IPAD = NO;
				SWIFT_EMIT_LOC_STRINGS = YES;
				SWIFT_VERSION = 5.0;
				TARGETED_DEVICE_FAMILY = "1,2";
			};
			name = Release;
		};
/* End XCBuildConfiguration section */

/* Begin XCConfigurationList section */
		37A0C60D2EE1AFE6003E10E6 /* Build configuration list for PBXProject "FunCalendar" */ = {
			isa = XCConfigurationList;
			buildConfigurations = (
				37A0C61E2EE1AFE7003E10E6 /* Debug */,
				37A0C61F2EE1AFE7003E10E6 /* Release */,
			);
			defaultConfigurationIsVisible = 0;
			defaultConfigurationName = Release;
		};
		37A0C6202EE1AFE7003E10E6 /* Build configuration list for PBXNativeTarget "FunCalendar" */ = {
			isa = XCConfigurationList;
			buildConfigurations = (
				37A0C6212EE1AFE7003E10E6 /* Debug */,
				37A0C6222EE1AFE7003E10E6 /* Release */,
			);
			defaultConfigurationIsVisible = 0;
			defaultConfigurationName = Release;
		};
		37A0C63F2EE1B030003E10E6 /* Build configuration list for PBXNativeTarget "FunCalendarWidgetExtension" */ = {
			isa = XCConfigurationList;
			buildConfigurations = (
				37A0C6402EE1B030003E10E6 /* Debug */,
				37A0C6412EE1B030003E10E6 /* Release */,
			);
			defaultConfigurationIsVisible = 0;
			defaultConfigurationName = Release;
		};
/* End XCConfigurationList section */
	};
	rootObject = 37A0C60A2EE1AFE6003E10E6 /* Project object */;
}
